
Microsoft Visual Studio Solution File, Format Version 12.00
# Visual Studio 15
VisualStudioVersion = 15.0.27428.1
MinimumVisualStudioVersion = 10.0.40219.1
Project("{FAE04EC0-301F-11D3-BF4B-00C04F79EFBC}") = "RolesLazyLoad", "RolesLazyLoad\RolesLazyLoad.csproj", "{84B91E04-0C17-4CA6-BAE0-24ADD54CFAE7}"
EndProject
Global
	GlobalSection(SolutionConfigurationPlatforms) = preSolution
		Debug|Any CPU = Debug|Any CPU
		Release|Any CPU = Release|Any CPU
	EndGlobalSection
	GlobalSection(ProjectConfigurationPlatforms) = postSolution
		{84B91E04-0C17-4CA6-BAE0-24ADD54CFAE7}.Debug|Any CPU.ActiveCfg = Debug|Any CPU
		{84B91E04-0C17-4CA6-BAE0-24ADD54CFAE7}.Debug|Any CPU.Build.0 = Debug|Any CPU
		{84B91E04-0C17-4CA6-BAE0-24ADD54CFAE7}.Release|Any CPU.ActiveCfg = Release|Any CPU
		{84B91E04-0C17-4CA6-BAE0-24ADD54CFAE7}.Release|Any CPU.Build.0 = Release|Any CPU
	EndGlobalSection
	GlobalSection(SolutionProperties) = preSolution
		HideSolutionNode = FALSE
	EndGlobalSection
	GlobalSection(ExtensibilityGlobals) = postSolution
		SolutionGuid = {BBF67511-9811-4B75-AE95-71DEC26B1BC9}
	EndGlobalSection
EndGlobal
